{
  "nodes": {
    "aider": {
      "flake": false,
      "locked": {
        "lastModified": 1716591617,
        "narHash": "sha256-DHlTVBrDLDwQb0J8bwr+rsFb20izhuqLH1CgF/m67Ag=",
        "owner": "paul-gauthier",
        "repo": "aider",
        "rev": "6382153597af092bfdac4ea30104d3243720502e",
        "type": "github"
      },
      "original": {
        "owner": "paul-gauthier",
        "repo": "aider",
        "type": "github"
      }
    },
    "flake-parts": {
      "inputs": {
        "nixpkgs-lib": "nixpkgs-lib"
      },
      "locked": {
        "lastModified": 1715865404,
        "narHash": "sha256-/GJvTdTpuDjNn84j82cU6bXztE0MSkdnTWClUCRub78=",
        "owner": "hercules-ci",
        "repo": "flake-parts",
        "rev": "8dc45382d5206bd292f9c2768b8058a8fd8311d9",
        "type": "github"
      },
      "original": {
        "owner": "hercules-ci",
        "repo": "flake-parts",
        "type": "github"
      }
    },
    "grep-ast": {
      "flake": false,
      "locked": {
        "lastModified": 1716221007,
        "narHash": "sha256-xeHT8Zp1NyLeK2864DsFpNoxrct/EcUEbG+d33Gc/LQ=",
        "owner": "paul-gauthier",
        "repo": "grep-ast",
        "rev": "3cf620091364e95e501fa2fd1125cc9fae7971e5",
        "type": "github"
      },
      "original": {
        "owner": "paul-gauthier",
        "repo": "grep-ast",
        "type": "github"
      }
    },
    "nixpkgs": {
      "locked": {
        "lastModified": 1716330097,
        "narHash": "sha256-8BO3B7e3BiyIDsaKA0tY8O88rClYRTjvAp66y+VBUeU=",
        "owner": "nixos",
        "repo": "nixpkgs",
        "rev": "5710852ba686cc1fd0d3b8e22b3117d43ba374c2",
        "type": "github"
      },
      "original": {
        "owner": "nixos",
        "ref": "nixos-unstable",
        "repo": "nixpkgs",
        "type": "github"
      }
    },
    "nixpkgs-lib": {
      "locked": {
        "lastModified": 1714640452,
        "narHash": "sha256-QBx10+k6JWz6u7VsohfSw8g8hjdBZEf8CFzXH1/1Z94=",
        "type": "tarball",
        "url": "https://github.com/NixOS/nixpkgs/archive/50eb7ecf4cd0a5756d7275c8ba36790e5bd53e33.tar.gz"
      },
      "original": {
        "type": "tarball",
        "url": "https://github.com/NixOS/nixpkgs/archive/50eb7ecf4cd0a5756d7275c8ba36790e5bd53e33.tar.gz"
      }
    },
    "root": {
      "inputs": {
        "aider": "aider",
        "flake-parts": "flake-parts",
        "grep-ast": "grep-ast",
        "nixpkgs": "nixpkgs"
      }
    }
  },
  "root": "root",
  "version": 7
}
